// !$*UTF8*$!
{
	archiveVersion = 1;
	classes = {
	};
	objectVersion = 46;
	objects = {

/* Begin PBXBuildFile section */
		1F7082CA1F23A1D300FB2A72 /* AppDelegate.swift in Sources */ = {isa = PBXBuildFile; fileRef = 1F7082C91F23A1D300FB2A72 /* AppDelegate.swift */; };
		1F7082CC1F23A1D300FB2A72 /* ViewController.swift in Sources */ = {isa = PBXBuildFile; fileRef = 1F7082CB1F23A1D300FB2A72 /* ViewController.swift */; };
		1F7082CF1F23A1D300FB2A72 /* Main.storyboard in Resources */ = {isa = PBXBuildFile; fileRef = 1F7082CD1F23A1D300FB2A72 /* Main.storyboard */; };
		1F7082D11F23A1D300FB2A72 /* Assets.xcassets in Resources */ = {isa = PBXBuildFile; fileRef = 1F7082D01F23A1D300FB2A72 /* Assets.xcassets */; };
		1F7082D41F23A1D300FB2A72 /* LaunchScreen.storyboard in Resources */ = {isa = PBXBuildFile; fileRef = 1F7082D21F23A1D300FB2A72 /* LaunchScreen.storyboard */; };
		1F7082DF1F23A1D300FB2A72 /* SillyProjectTests.swift in Sources */ = {isa = PBXBuildFile; fileRef = 1F7082DE1F23A1D300FB2A72 /* SillyProjectTests.swift */; };
		1F7082EA1F23A1D300FB2A72 /* SillyProjectUITests.swift in Sources */ = {isa = PBXBuildFile; fileRef = 1F7082E91F23A1D300FB2A72 /* SillyProjectUITests.swift */; };
/* End PBXBuildFile section */

/* Begin PBXContainerItemProxy section */
		1F7082DB1F23A1D300FB2A72 /* PBXContainerItemProxy */ = {
			isa = PBXContainerItemProxy;
			containerPortal = 1F7082BE1F23A1D300FB2A72 /* Project object */;
			proxyType = 1;
			remoteGlobalIDString = 1F7082C51F23A1D300FB2A72;
			remoteInfo = SillyProject;
		};
		1F7082E61F23A1D300FB2A72 /* PBXContainerItemProxy */ = {
			isa = PBXContainerItemProxy;
			containerPortal = 1F7082BE1F23A1D300FB2A72 /* Project object */;
			proxyType = 1;
			remoteGlobalIDString = 1F7082C51F23A1D300FB2A72;
			remoteInfo = SillyProject;
		};
/* End PBXContainerItemProxy section */

/* Begin PBXFileReference section */
		1F7082C61F23A1D300FB2A72 /* SillyProject.app */ = {isa = PBXFileReference; explicitFileType = wrapper.application; includeInIndex = 0; path = SillyProject.app; sourceTree = BUILT_PRODUCTS_DIR; };
		1F7082C91F23A1D300FB2A72 /* AppDelegate.swift */ = {isa = PBXFileReference; lastKnownFileType = sourcecode.swift; path = AppDelegate.swift; sourceTree = "<group>"; };
		1F7082CB1F23A1D300FB2A72 /* ViewController.swift */ = {isa = PBXFileReference; lastKnownFileType = sourcecode.swift; path = ViewController.swift; sourceTree = "<group>"; };
		1F7082CE1F23A1D300FB2A72 /* Base */ = {isa = PBXFileReference; lastKnownFileType = file.storyboard; name = Base; path = Base.lproj/Main.storyboard; sourceTree = "<group>"; };
		1F7082D01F23A1D300FB2A72 /* Assets.xcassets */ = {isa = PBXFileReference; lastKnownFileType = folder.assetcatalog; path = Assets.xcassets; sourceTree = "<group>"; };
		1F7082D31F23A1D300FB2A72 /* Base */ = {isa = PBXFileReference; lastKnownFileType = file.storyboard; name = Base; path = Base.lproj/LaunchScreen.storyboard; sourceTree = "<group>"; };
		1F7082D51F23A1D300FB2A72 /* Info.plist */ = {isa = PBXFileReference; lastKnownFileType = text.plist.xml; path = Info.plist; sourceTree = "<group>"; };
		1F7082DA1F23A1D300FB2A72 /* SillyProjectTests.xctest */ = {isa = PBXFileReference; explicitFileType = wrapper.cfbundle; includeInIndex = 0; path = SillyProjectTests.xctest; sourceTree = BUILT_PRODUCTS_DIR; };
		1F7082DE1F23A1D300FB2A72 /* SillyProjectTests.swift */ = {isa = PBXFileReference; lastKnownFileType = sourcecode.swift; path = SillyProjectTests.swift; sourceTree = "<group>"; };
		1F7082E01F23A1D300FB2A72 /* Info.plist */ = {isa = PBXFileReference; lastKnownFileType = text.plist.xml; path = Info.plist; sourceTree = "<group>"; };
		1F7082E51F23A1D300FB2A72 /* SillyProjectUITests.xctest */ = {isa = PBXFileReference; explicitFileType = wrapper.cfbundle; includeInIndex = 0; path = SillyProjectUITests.xctest; sourceTree = BUILT_PRODUCTS_DIR; };
		1F7082E91F23A1D300FB2A72 /* SillyProjectUITests.swift */ = {isa = PBXFileReference; lastKnownFileType = sourcecode.swift; path = SillyProjectUITests.swift; sourceTree = "<group>"; };
		1F7082EB1F23A1D300FB2A72 /* Info.plist */ = {isa = PBXFileReference; lastKnownFileType = text.plist.xml; path = Info.plist; sourceTree = "<group>"; };
/* End PBXFileReference section */

/* Begin PBXFrameworksBuildPhase section */
		1F7082C31F23A1D300FB2A72 /* Frameworks */ = {
			isa = PBXFrameworksBuildPhase;
			buildActionMask = 2147483647;
			files = (
			);
			runOnlyForDeploymentPostprocessing = 0;
		};
		1F7082D71F23A1D300FB2A72 /* Frameworks */ = {
			isa = PBXFrameworksBuildPhase;
			buildActionMask = 2147483647;
			files = (
			);
			runOnlyForDeploymentPostprocessing = 0;
		};
		1F7082E21F23A1D300FB2A72 /* Frameworks */ = {
			isa = PBXFrameworksBuildPhase;
			buildActionMask = 2147483647;
			files = (
			);
			runOnlyForDeploymentPostprocessing = 0;
		};
/* End PBXFrameworksBuildPhase section */

/* Begin PBXGroup section */
		1F7082BD1F23A1D300FB2A72 = {
			isa = PBXGroup;
			children = (
				1F7082C81F23A1D300FB2A72 /* SillyProject */,
				1F7082DD1F23A1D300FB2A72 /* SillyProjectTests */,
				1F7082E81F23A1D300FB2A72 /* SillyProjectUITests */,
				1F7082C71F23A1D300FB2A72 /* Products */,
			);
			sourceTree = "<group>";
		};
		1F7082C71F23A1D300FB2A72 /* Products */ = {
			isa = PBXGroup;
			children = (
				1F7082C61F23A1D300FB2A72 /* SillyProject.app */,
				1F7082DA1F23A1D300FB2A72 /* SillyProjectTests.xctest */,
				1F7082E51F23A1D300FB2A72 /* SillyProjectUITests.xctest */,
			);
			name = Products;
			sourceTree = "<group>";
		};
		1F7082C81F23A1D300FB2A72 /* SillyProject */ = {
			isa = PBXGroup;
			children = (
				1F7082C91F23A1D300FB2A72 /* AppDelegate.swift */,
				1F7082CB1F23A1D300FB2A72 /* ViewController.swift */,
				1F7082CD1F23A1D300FB2A72 /* Main.storyboard */,
				1F7082D01F23A1D300FB2A72 /* Assets.xcassets */,
				1F7082D21F23A1D300FB2A72 /* LaunchScreen.storyboard */,
				1F7082D51F23A1D300FB2A72 /* Info.plist */,
			);
			path = SillyProject;
			sourceTree = "<group>";
		};
		1F7082DD1F23A1D300FB2A72 /* SillyProjectTests */ = {
			isa = PBXGroup;
			children = (
				1F7082DE1F23A1D300FB2A72 /* SillyProjectTests.swift */,
				1F7082E01F23A1D300FB2A72 /* Info.plist */,
			);
			path = SillyProjectTests;
			sourceTree = "<group>";
		};
		1F7082E81F23A1D300FB2A72 /* SillyProjectUITests */ = {
			isa = PBXGroup;
			children = (
				1F7082E91F23A1D300FB2A72 /* SillyProjectUITests.swift */,
				1F7082EB1F23A1D300FB2A72 /* Info.plist */,
			);
			path = SillyProjectUITests;
			sourceTree = "<group>";
		};
/* End PBXGroup section */

/* Begin PBXNativeTarget section */
		1F7082C51F23A1D300FB2A72 /* SillyProject */ = {
			isa = PBXNativeTarget;
			buildConfigurationList = 1F7082EE1F23A1D300FB2A72 /* Build configuration list for PBXNativeTarget "SillyProject" */;
			buildPhases = (
				1F7082C21F23A1D300FB2A72 /* Sources */,
				1F7082C31F23A1D300FB2A72 /* Frameworks */,
				1F7082C41F23A1D300FB2A72 /* Resources */,
			);
			buildRules = (
			);
			dependencies = (
			);
			name = SillyProject;
			productName = SillyProject;
			productReference = 1F7082C61F23A1D300FB2A72 /* SillyProject.app */;
			productType = "com.apple.product-type.application";
		};
		1F7082D91F23A1D300FB2A72 /* SillyProjectTests */ = {
			isa = PBXNativeTarget;
			buildConfigurationList = 1F7082F11F23A1D300FB2A72 /* Build configuration list for PBXNativeTarget "SillyProjectTests" */;
			buildPhases = (
				1F7082D61F23A1D300FB2A72 /* Sources */,
				1F7082D71F23A1D300FB2A72 /* Frameworks */,
				1F7082D81F23A1D300FB2A72 /* Resources */,
			);
			buildRules = (
			);
			dependencies = (
				1F7082DC1F23A1D300FB2A72 /* PBXTargetDependency */,
			);
			name = SillyProjectTests;
			productName = SillyProjectTests;
			productReference = 1F7082DA1F23A1D300FB2A72 /* SillyProjectTests.xctest */;
			productType = "com.apple.product-type.bundle.unit-test";
		};
		1F7082E41F23A1D300FB2A72 /* SillyProjectUITests */ = {
			isa = PBXNativeTarget;
			buildConfigurationList = 1F7082F41F23A1D300FB2A72 /* Build configuration list for PBXNativeTarget "SillyProjectUITests" */;
			buildPhases = (
				1F7082E11F23A1D300FB2A72 /* Sources */,
				1F7082E21F23A1D300FB2A72 /* Frameworks */,
				1F7082E31F23A1D300FB2A72 /* Resources */,
			);
			buildRules = (
			);
			dependencies = (
				1F7082E71F23A1D300FB2A72 /* PBXTargetDependency */,
			);
			name = SillyProjectUITests;
			productName = SillyProjectUITests;
			productReference = 1F7082E51F23A1D300FB2A72 /* SillyProjectUITests.xctest */;
			productType = "com.apple.product-type.bundle.ui-testing";
		};
/* End PBXNativeTarget section */

/* Begin PBXProject section */
		1F7082BE1F23A1D300FB2A72 /* Project object */ = {
			isa = PBXProject;
			attributes = {
				LastSwiftUpdateCheck = 0830;
				LastUpgradeCheck = 0830;
				ORGANIZATIONNAME = "Viswanath Subramani S S";
				TargetAttributes = {
					1F7082C51F23A1D300FB2A72 = {
						CreatedOnToolsVersion = 8.3.3;
						DevelopmentTeam = CSVMBYGY89;
						ProvisioningStyle = Automatic;
					};
					1F7082D91F23A1D300FB2A72 = {
						CreatedOnToolsVersion = 8.3.3;
						ProvisioningStyle = Automatic;
						TestTargetID = 1F7082C51F23A1D300FB2A72;
					};
					1F7082E41F23A1D300FB2A72 = {
						CreatedOnToolsVersion = 8.3.3;
						ProvisioningStyle = Automatic;
						TestTargetID = 1F7082C51F23A1D300FB2A72;
					};
				};
			};
			buildConfigurationList = 1F7082C11F23A1D300FB2A72 /* Build configuration list for PBXProject "SillyProject" */;
			compatibilityVersion = "Xcode 3.2";
			developmentRegion = English;
			hasScannedForEncodings = 0;
			knownRegions = (
				en,
				Base,
			);
			mainGroup = 1F7082BD1F23A1D300FB2A72;
			productRefGroup = 1F7082C71F23A1D300FB2A72 /* Products */;
			projectDirPath = "";
			projectRoot = "";
			targets = (
				1F7082C51F23A1D300FB2A72 /* SillyProject */,
				1F7082D91F23A1D300FB2A72 /* SillyProjectTests */,
				1F7082E41F23A1D300FB2A72 /* SillyProjectUITests */,
			);
		};
/* End PBXProject section */

/* Begin PBXResourcesBuildPhase section */
		1F7082C41F23A1D300FB2A72 /* Resources */ = {
			isa = PBXResourcesBuildPhase;
			buildActionMask = 2147483647;
			files = (
				1F7082D41F23A1D300FB2A72 /* LaunchScreen.storyboard in Resources */,
				1F7082D11F23A1D300FB2A72 /* Assets.xcassets in Resources */,
				1F7082CF1F23A1D300FB2A72 /* Main.storyboard in Resources */,
			);
			runOnlyForDeploymentPostprocessing = 0;
		};
		1F7082D81F23A1D300FB2A72 /* Resources */ = {
			isa = PBXResourcesBuildPhase;
			buildActionMask = 2147483647;
			files = (
			);
			runOnlyForDeploymentPostprocessing = 0;
		};
		1F7082E31F23A1D300FB2A72 /* Resources */ = {
			isa = PBXResourcesBuildPhase;
			buildActionMask = 2147483647;
			files = (
			);
			runOnlyForDeploymentPostprocessing = 0;
		};
/* End PBXResourcesBuildPhase section */

/* Begin PBXSourcesBuildPhase section */
		1F7082C21F23A1D300FB2A72 /* Sources */ = {
			isa = PBXSourcesBuildPhase;
			buildActionMask = 2147483647;
			files = (
				1F7082CC1F23A1D300FB2A72 /* ViewController.swift in Sources */,
				1F7082CA1F23A1D300FB2A72 /* AppDelegate.swift in Sources */,
			);
			runOnlyForDeploymentPostprocessing = 0;
		};
		1F7082D61F23A1D300FB2A72 /* Sources */ = {
			isa = PBXSourcesBuildPhase;
			buildActionMask = 2147483647;
			files = (
				1F7082DF1F23A1D300FB2A72 /* SillyProjectTests.swift in Sources */,
			);
			runOnlyForDeploymentPostprocessing = 0;
		};
		1F7082E11F23A1D300FB2A72 /* Sources */ = {
			isa = PBXSourcesBuildPhase;
			buildActionMask = 2147483647;
			files = (
				1F7082EA1F23A1D300FB2A72 /* SillyProjectUITests.swift in Sources */,
			);
			runOnlyForDeploymentPostprocessing = 0;
		};
/* End PBXSourcesBuildPhase section */

/* Begin PBXTargetDependency section */
		1F7082DC1F23A1D300FB2A72 /* PBXTargetDependency */ = {
			isa = PBXTargetDependency;
			target = 1F7082C51F23A1D300FB2A72 /* SillyProject */;
			targetProxy = 1F7082DB1F23A1D300FB2A72 /* PBXContainerItemProxy */;
		};
		1F7082E71F23A1D300FB2A72 /* PBXTargetDependency */ = {
			isa = PBXTargetDependency;
			target = 1F7082C51F23A1D300FB2A72 /* SillyProject */;
			targetProxy = 1F7082E61F23A1D300FB2A72 /* PBXContainerItemProxy */;
		};
/* End PBXTargetDependency section */

/* Begin PBXVariantGroup section */
		1F7082CD1F23A1D300FB2A72 /* Main.storyboard */ = {
			isa = PBXVariantGroup;
			children = (
				1F7082CE1F23A1D300FB2A72 /* Base */,
			);
			name = Main.storyboard;
			sourceTree = "<group>";
		};
		1F7082D21F23A1D300FB2A72 /* LaunchScreen.storyboard */ = {
			isa = PBXVariantGroup;
			children = (
				1F7082D31F23A1D300FB2A72 /* Base */,
			);
			name = LaunchScreen.storyboard;
			sourceTree = "<group>";
		};
/* End PBXVariantGroup section */

/* Begin XCBuildConfiguration section */
		1F7082EC1F23A1D300FB2A72 /* Debug */ = {
			isa = XCBuildConfiguration;
			buildSettings = {
				ALWAYS_SEARCH_USER_PATHS = NO;
				CLANG_ANALYZER_NONNULL = YES;
				CLANG_ANALYZER_NUMBER_OBJECT_CONVERSION = YES_AGGRESSIVE;
				CLANG_CXX_LANGUAGE_STANDARD = "gnu++0x";
				CLANG_CXX_LIBRARY = "libc++";
				CLANG_ENABLE_MODULES = YES;
				CLANG_ENABLE_OBJC_ARC = YES;
				CLANG_WARN_BOOL_CONVERSION = YES;
				CLANG_WARN_CONSTANT_CONVERSION = YES;
				CLANG_WARN_DIRECT_OBJC_ISA_USAGE = YES_ERROR;
				CLANG_WARN_DOCUMENTATION_COMMENTS = YES;
				CLANG_WARN_EMPTY_BODY = YES;
				CLANG_WARN_ENUM_CONVERSION = YES;
				CLANG_WARN_INFINITE_RECURSION = YES;
				CLANG_WARN_INT_CONVERSION = YES;
				CLANG_WARN_OBJC_ROOT_CLASS = YES_ERROR;
				CLANG_WARN_SUSPICIOUS_MOVE = YES;
				CLANG_WARN_UNREACHABLE_CODE = YES;
				CLANG_WARN__DUPLICATE_METHOD_MATCH = YES;
				"CODE_SIGN_IDENTITY[sdk=iphoneos*]" = "iPhone Developer";
				COPY_PHASE_STRIP = NO;
				DEBUG_INFORMATION_FORMAT = dwarf;
				ENABLE_STRICT_OBJC_MSGSEND = YES;
				ENABLE_TESTABILITY = YES;
				GCC_C_LANGUAGE_STANDARD = gnu99;
				GCC_DYNAMIC_NO_PIC = NO;
				GCC_NO_COMMON_BLOCKS = YES;
				GCC_OPTIMIZATION_LEVEL = 0;
				GCC_PREPROCESSOR_DEFINITIONS = (
					"DEBUG=1",
					"$(inherited)",
				);
				GCC_WARN_64_TO_32_BIT_CONVERSION = YES;
				GCC_WARN_ABOUT_RETURN_TYPE = YES_ERROR;
				GCC_WARN_UNDECLARED_SELECTOR = YES;
				GCC_WARN_UNINITIALIZED_AUTOS = YES_AGGRESSIVE;
				GCC_WARN_UNUSED_FUNCTION = YES;
				GCC_WARN_UNUSED_VARIABLE = YES;
				IPHONEOS_DEPLOYMENT_TARGET = 10.3;
				MTL_ENABLE_DEBUG_INFO = YES;
				ONLY_ACTIVE_ARCH = YES;
				SDKROOT = iphoneos;
				SWIFT_ACTIVE_COMPILATION_CONDITIONS = DEBUG;
				SWIFT_OPTIMIZATION_LEVEL = "-Onone";
				TARGETED_DEVICE_FAMILY = "1,2";
			};
			name = Debug;
		};
		1F7082ED1F23A1D300FB2A72 /* Release */ = {
			isa = XCBuildConfiguration;
			buildSettings = {
				ALWAYS_SEARCH_USER_PATHS = NO;
				CLANG_ANALYZER_NONNULL = YES;
				CLANG_ANALYZER_NUMBER_OBJECT_CONVERSION = YES_AGGRESSIVE;
				CLANG_CXX_LANGUAGE_STANDARD = "gnu++0x";
				CLANG_CXX_LIBRARY = "libc++";
				CLANG_ENABLE_MODULES = YES;
				CLANG_ENABLE_OBJC_ARC = YES;
				CLANG_WARN_BOOL_CONVERSION = YES;
				CLANG_WARN_CONSTANT_CONVERSION = YES;
				CLANG_WARN_DIRECT_OBJC_ISA_USAGE = YES_ERROR;
				CLANG_WARN_DOCUMENTATION_COMMENTS = YES;
				CLANG_WARN_EMPTY_BODY = YES;
				CLANG_WARN_ENUM_CONVERSION = YES;
				CLANG_WARN_INFINITE_RECURSION = YES;
				CLANG_WARN_INT_CONVERSION = YES;
				CLANG_WARN_OBJC_ROOT_CLASS = YES_ERROR;
				CLANG_WARN_SUSPICIOUS_MOVE = YES;
				CLANG_WARN_UNREACHABLE_CODE = YES;
				CLANG_WARN__DUPLICATE_METHOD_MATCH = YES;
				"CODE_SIGN_IDENTITY[sdk=iphoneos*]" = "iPhone Developer";
				COPY_PHASE_STRIP = NO;
				DEBUG_INFORMATION_FORMAT = "dwarf-with-dsym";
				ENABLE_NS_ASSERTIONS = NO;
				ENABLE_STRICT_OBJC_MSGSEND = YES;
				GCC_C_LANGUAGE_STANDARD = gnu99;
				GCC_NO_COMMON_BLOCKS = YES;
				GCC_WARN_64_TO_32_BIT_CONVERSION = YES;
				GCC_WARN_ABOUT_RETURN_TYPE = YES_ERROR;
				GCC_WARN_UNDECLARED_SELECTOR = YES;
				GCC_WARN_UNINITIALIZED_AUTOS = YES_AGGRESSIVE;
				GCC_WARN_UNUSED_FUNCTION = YES;
				GCC_WARN_UNUSED_VARIABLE = YES;
				IPHONEOS_DEPLOYMENT_TARGET = 10.3;
				MTL_ENABLE_DEBUG_INFO = NO;
				SDKROOT = iphoneos;
				SWIFT_OPTIMIZATION_LEVEL = "-Owholemodule";
				TARGETED_DEVICE_FAMILY = "1,2";
				VALIDATE_PRODUCT = YES;
			};
			name = Release;
		};
		1F7082EF1F23A1D300FB2A72 /* Debug */ = {
			isa = XCBuildConfiguration;
			buildSettings = {
				ASSETCATALOG_COMPILER_APPICON_NAME = AppIcon;
				DEVELOPMENT_TEAM = CSVMBYGY89;
				INFOPLIST_FILE = SillyProject/Info.plist;
				LD_RUNPATH_SEARCH_PATHS = "$(inherited) @executable_path/Frameworks";
				PRODUCT_BUNDLE_IDENTIFIER = com.workshop.SillyProject;
				PRODUCT_NAME = "$(TARGET_NAME)";
				SWIFT_VERSION = 3.0;
			};
			name = Debug;
		};
		1F7082F01F23A1D300FB2A72 /* Release */ = {
			isa = XCBuildConfiguration;
			buildSettings = {
				ASSETCATALOG_COMPILER_APPICON_NAME = AppIcon;
				DEVELOPMENT_TEAM = CSVMBYGY89;
				INFOPLIST_FILE = SillyProject/Info.plist;
				LD_RUNPATH_SEARCH_PATHS = "$(inherited) @executable_path/Frameworks";
				PRODUCT_BUNDLE_IDENTIFIER = com.workshop.SillyProject;
				PRODUCT_NAME = "$(TARGET_NAME)";
				SWIFT_VERSION = 3.0;
			};
			name = Release;
		};
		1F7082F21F23A1D300FB2A72 /* Debug */ = {
			isa = XCBuildConfiguration;
			buildSettings = {
				ALWAYS_EMBED_SWIFT_STANDARD_LIBRARIES = YES;
				BUNDLE_LOADER = "$(TEST_HOST)";
				INFOPLIST_FILE = SillyProjectTests/Info.plist;
				LD_RUNPATH_SEARCH_PATHS = "$(inherited) @executable_path/Frameworks @loader_path/Frameworks";
				PRODUCT_BUNDLE_IDENTIFIER = com.workshop.SillyProjectTests;
				PRODUCT_NAME = "$(TARGET_NAME)";
				SWIFT_VERSION = 3.0;
				TEST_HOST = "$(BUILT_PRODUCTS_DIR)/SillyProject.app/SillyProject";
			};
			name = Debug;
		};
		1F7082F31F23A1D300FB2A72 /* Release */ = {
			isa = XCBuildConfiguration;
			buildSettings = {
				ALWAYS_EMBED_SWIFT_STANDARD_LIBRARIES = YES;
				BUNDLE_LOADER = "$(TEST_HOST)";
				INFOPLIST_FILE = SillyProjectTests/Info.plist;
				LD_RUNPATH_SEARCH_PATHS = "$(inherited) @executable_path/Frameworks @loader_path/Frameworks";
				PRODUCT_BUNDLE_IDENTIFIER = com.workshop.SillyProjectTests;
				PRODUCT_NAME = "$(TARGET_NAME)";
				SWIFT_VERSION = 3.0;
				TEST_HOST = "$(BUILT_PRODUCTS_DIR)/SillyProject.app/SillyProject";
			};
			name = Release;
		};
		1F7082F51F23A1D300FB2A72 /* Debug */ = {
			isa = XCBuildConfiguration;
			buildSettings = {
				ALWAYS_EMBED_SWIFT_STANDARD_LIBRARIES = YES;
				INFOPLIST_FILE = SillyProjectUITests/Info.plist;
				LD_RUNPATH_SEARCH_PATHS = "$(inherited) @executable_path/Frameworks @loader_path/Frameworks";
				PRODUCT_BUNDLE_IDENTIFIER = com.workshop.SillyProjectUITests;
				PRODUCT_NAME = "$(TARGET_NAME)";
				SWIFT_VERSION = 3.0;
				TEST_TARGET_NAME = SillyProject;
			};
			name = Debug;
		};
		1F7082F61F23A1D300FB2A72 /* Release */ = {
			isa = XCBuildConfiguration;
			buildSettings = {
				ALWAYS_EMBED_SWIFT_STANDARD_LIBRARIES = YES;
				INFOPLIST_FILE = SillyProjectUITests/Info.plist;
				LD_RUNPATH_SEARCH_PATHS = "$(inherited) @executable_path/Frameworks @loader_path/Frameworks";
				PRODUCT_BUNDLE_IDENTIFIER = com.workshop.SillyProjectUITests;
				PRODUCT_NAME = "$(TARGET_NAME)";
				SWIFT_VERSION = 3.0;
				TEST_TARGET_NAME = SillyProject;
			};
			name = Release;
		};
/* End XCBuildConfiguration section */

/* Begin XCConfigurationList section */
		1F7082C11F23A1D300FB2A72 /* Build configuration list for PBXProject "SillyProject" */ = {
			isa = XCConfigurationList;
			buildConfigurations = (
				1F7082EC1F23A1D300FB2A72 /* Debug */,
				1F7082ED1F23A1D300FB2A72 /* Release */,
			);
			defaultConfigurationIsVisible = 0;
			defaultConfigurationName = Release;
		};
		1F7082EE1F23A1D300FB2A72 /* Build configuration list for PBXNativeTarget "SillyProject" */ = {
			isa = XCConfigurationList;
			buildConfigurations = (
				1F7082EF1F23A1D300FB2A72 /* Debug */,
				1F7082F01F23A1D300FB2A72 /* Release */,
			);
			defaultConfigurationIsVisible = 0;
			defaultConfigurationName = Release;
		};
		1F7082F11F23A1D300FB2A72 /* Build configuration list for PBXNativeTarget "SillyProjectTests" */ = {
			isa = XCConfigurationList;
			buildConfigurations = (
				1F7082F21F23A1D300FB2A72 /* Debug */,
				1F7082F31F23A1D300FB2A72 /* Release */,
			);
			defaultConfigurationIsVisible = 0;
			defaultConfigurationName = Release;
		};
		1F7082F41F23A1D300FB2A72 /* Build configuration list for PBXNativeTarget "SillyProjectUITests" */ = {
			isa = XCConfigurationList;
			buildConfigurations = (
				1F7082F51F23A1D300FB2A72 /* Debug */,
				1F7082F61F23A1D300FB2A72 /* Release */,
			);
			defaultConfigurationIsVisible = 0;
			defaultConfigurationName = Release;
		};
/* End XCConfigurationList section */
	};
	rootObject = 1F7082BE1F23A1D300FB2A72 /* Project object */;
}
